
Microsoft Visual Studio Solution File, Format Version 12.00
# Visual Studio Version 17
VisualStudioVersion = 17.4.32804.182
MinimumVisualStudioVersion = 10.0.40219.1
Project("{9A19103F-16F7-4668-BE54-9A1E7A4F7556}") = "TestServer", "src\TestServer\TestServer.csproj", "{27A73820-215D-44CC-A921-E5F119548D72}"
EndProject
Global
	GlobalSection(SolutionConfigurationPlatforms) = preSolution
		Debug|Any CPU = Debug|Any CPU
		Release|Any CPU = Release|Any CPU
	EndGlobalSection
	GlobalSection(ProjectConfigurationPlatforms) = postSolution
		{27A73820-215D-44CC-A921-E5F119548D72}.Debug|Any CPU.ActiveCfg = Debug|Any CPU
		{27A73820-215D-44CC-A921-E5F119548D72}.Debug|Any CPU.Build.0 = Debug|Any CPU
		{27A73820-215D-44CC-A921-E5F119548D72}.Release|Any CPU.ActiveCfg = Release|Any CPU
		{27A73820-215D-44CC-A921-E5F119548D72}.Release|Any CPU.Build.0 = Release|Any CPU
	EndGlobalSection
	GlobalSection(SolutionProperties) = preSolution
		HideSolutionNode = FALSE
	EndGlobalSection
	GlobalSection(ExtensibilityGlobals) = postSolution
		SolutionGuid = {6C0E24C5-2F2C-4FCC-964D-5C8294D557FF}
	EndGlobalSection
EndGlobal
